
Microsoft Visual Studio Solution File, Format Version 12.00
# Visual Studio Version 16
VisualStudioVersion = 16.0.32413.511
MinimumVisualStudioVersion = 10.0.40219.1
Project("{FAE04EC0-301F-11D3-BF4B-00C04F79EFBC}") = "KlementWeb", "KlementWeb\KlementWeb.csproj", "{DD4AEECD-8CD7-4053-91EB-B2D89ABB74D1}"
EndProject
Project("{FAE04EC0-301F-11D3-BF4B-00C04F79EFBC}") = "KlementWeb.Business", "KlementWeb.Business\KlementWeb.Business.csproj", "{7D64486B-A096-41B2-B50F-5291DFAEA2D7}"
EndProject
Project("{FAE04EC0-301F-11D3-BF4B-00C04F79EFBC}") = "KlementWeb.Data", "KlementWeb.Data\KlementWeb.Data.csproj", "{6012EDCC-0A34-49CB-9D7F-313048E358A7}"
EndProject
Global
	GlobalSection(SolutionConfigurationPlatforms) = preSolution
		Debug|Any CPU = Debug|Any CPU
		Release|Any CPU = Release|Any CPU
	EndGlobalSection
	GlobalSection(ProjectConfigurationPlatforms) = postSolution
		{DD4AEECD-8CD7-4053-91EB-B2D89ABB74D1}.Debug|Any CPU.ActiveCfg = Debug|Any CPU
		{DD4AEECD-8CD7-4053-91EB-B2D89ABB74D1}.Debug|Any CPU.Build.0 = Debug|Any CPU
		{DD4AEECD-8CD7-4053-91EB-B2D89ABB74D1}.Release|Any CPU.ActiveCfg = Release|Any CPU
		{DD4AEECD-8CD7-4053-91EB-B2D89ABB74D1}.Release|Any CPU.Build.0 = Release|Any CPU
		{7D64486B-A096-41B2-B50F-5291DFAEA2D7}.Debug|Any CPU.ActiveCfg = Debug|Any CPU
		{7D64486B-A096-41B2-B50F-5291DFAEA2D7}.Debug|Any CPU.Build.0 = Debug|Any CPU
		{7D64486B-A096-41B2-B50F-5291DFAEA2D7}.Release|Any CPU.ActiveCfg = Release|Any CPU
		{7D64486B-A096-41B2-B50F-5291DFAEA2D7}.Release|Any CPU.Build.0 = Release|Any CPU
		{6012EDCC-0A34-49CB-9D7F-313048E358A7}.Debug|Any CPU.ActiveCfg = Debug|Any CPU
		{6012EDCC-0A34-49CB-9D7F-313048E358A7}.Debug|Any CPU.Build.0 = Debug|Any CPU
		{6012EDCC-0A34-49CB-9D7F-313048E358A7}.Release|Any CPU.ActiveCfg = Release|Any CPU
		{6012EDCC-0A34-49CB-9D7F-313048E358A7}.Release|Any CPU.Build.0 = Release|Any CPU
	EndGlobalSection
	GlobalSection(SolutionProperties) = preSolution
		HideSolutionNode = FALSE
	EndGlobalSection
	GlobalSection(ExtensibilityGlobals) = postSolution
		SolutionGuid = {59F1AE46-053C-4D2B-AC7D-E183CED5C665}
	EndGlobalSection
EndGlobal
